<Solution>
  <Project Path="MobaGameplay.Runtime.csproj" />
  <Project Path="MobaGameplay.Tests.csproj" />
  <Project Path="MobaGameplay.Editor.csproj" />
  <Project Path="Assembly-CSharp.csproj" />
  <Project Path="Assembly-CSharp-Editor.csproj" />
  <Project Path="Bezi.Editor.csproj" />
  <Project Path="UnityCommunity.UnitySingleton.Runtime.csproj" />
  <Project Path="NicoRueda.Tools.csproj" />
</Solution>
